
Microsoft Visual Studio Solution File, Format Version 12.00
# Visual Studio 15
VisualStudioVersion = 15.0.28307.902
MinimumVisualStudioVersion = 10.0.40219.1
Project("{9A19103F-16F7-4668-BE54-9A1E7A4F7556}") = "QuizPrototype.WebApi", "QuizPrototype.WebApi\QuizPrototype.WebApi.csproj", "{96FC91FD-BD4B-4FFA-8B6C-D89E7C6364B8}"
EndProject
Project("{9A19103F-16F7-4668-BE54-9A1E7A4F7556}") = "QuizPrototype.Testing", "QuizPrototype.Testing\QuizPrototype.Testing.csproj", "{6A90FB77-AB59-4309-86CB-6F60BBCA6FD4}"
EndProject
Project("{9A19103F-16F7-4668-BE54-9A1E7A4F7556}") = "QuizPrototype.Domain", "QuizPrototype.Domain\QuizPrototype.Domain.csproj", "{F631C764-DDB2-4E31-B0C8-99E7818CA80E}"
EndProject
Project("{9A19103F-16F7-4668-BE54-9A1E7A4F7556}") = "QuizPrototype.Service", "QuizPrototype.Service\QuizPrototype.Service.csproj", "{44FDBFC1-E0A6-4A9A-A8A7-5289C3964608}"
EndProject
Project("{9A19103F-16F7-4668-BE54-9A1E7A4F7556}") = "QuizPrototype.Infrastructure", "QuizPrototype.Infrastructure\QuizPrototype.Infrastructure.csproj", "{B52E04AA-2C45-477D-AD92-B29955111624}"
EndProject
Project("{FAE04EC0-301F-11D3-BF4B-00C04F79EFBC}") = "QuizPrototype.DbMigration", "QuizPrototype.DbMigration\QuizPrototype.DbMigration.csproj", "{E56DD54D-E929-4CF9-917C-404FC20E71EA}"
EndProject
Global
	GlobalSection(SolutionConfigurationPlatforms) = preSolution
		Debug|Any CPU = Debug|Any CPU
		Release|Any CPU = Release|Any CPU
	EndGlobalSection
	GlobalSection(ProjectConfigurationPlatforms) = postSolution
		{96FC91FD-BD4B-4FFA-8B6C-D89E7C6364B8}.Debug|Any CPU.ActiveCfg = Debug|Any CPU
		{96FC91FD-BD4B-4FFA-8B6C-D89E7C6364B8}.Debug|Any CPU.Build.0 = Debug|Any CPU
		{96FC91FD-BD4B-4FFA-8B6C-D89E7C6364B8}.Release|Any CPU.ActiveCfg = Release|Any CPU
		{96FC91FD-BD4B-4FFA-8B6C-D89E7C6364B8}.Release|Any CPU.Build.0 = Release|Any CPU
		{6A90FB77-AB59-4309-86CB-6F60BBCA6FD4}.Debug|Any CPU.ActiveCfg = Debug|Any CPU
		{6A90FB77-AB59-4309-86CB-6F60BBCA6FD4}.Debug|Any CPU.Build.0 = Debug|Any CPU
		{6A90FB77-AB59-4309-86CB-6F60BBCA6FD4}.Release|Any CPU.ActiveCfg = Release|Any CPU
		{6A90FB77-AB59-4309-86CB-6F60BBCA6FD4}.Release|Any CPU.Build.0 = Release|Any CPU
		{F631C764-DDB2-4E31-B0C8-99E7818CA80E}.Debug|Any CPU.ActiveCfg = Debug|Any CPU
		{F631C764-DDB2-4E31-B0C8-99E7818CA80E}.Debug|Any CPU.Build.0 = Debug|Any CPU
		{F631C764-DDB2-4E31-B0C8-99E7818CA80E}.Release|Any CPU.ActiveCfg = Release|Any CPU
		{F631C764-DDB2-4E31-B0C8-99E7818CA80E}.Release|Any CPU.Build.0 = Release|Any CPU
		{44FDBFC1-E0A6-4A9A-A8A7-5289C3964608}.Debug|Any CPU.ActiveCfg = Debug|Any CPU
		{44FDBFC1-E0A6-4A9A-A8A7-5289C3964608}.Debug|Any CPU.Build.0 = Debug|Any CPU
		{44FDBFC1-E0A6-4A9A-A8A7-5289C3964608}.Release|Any CPU.ActiveCfg = Release|Any CPU
		{44FDBFC1-E0A6-4A9A-A8A7-5289C3964608}.Release|Any CPU.Build.0 = Release|Any CPU
		{B52E04AA-2C45-477D-AD92-B29955111624}.Debug|Any CPU.ActiveCfg = Debug|Any CPU
		{B52E04AA-2C45-477D-AD92-B29955111624}.Debug|Any CPU.Build.0 = Debug|Any CPU
		{B52E04AA-2C45-477D-AD92-B29955111624}.Release|Any CPU.ActiveCfg = Release|Any CPU
		{B52E04AA-2C45-477D-AD92-B29955111624}.Release|Any CPU.Build.0 = Release|Any CPU
		{E56DD54D-E929-4CF9-917C-404FC20E71EA}.Debug|Any CPU.ActiveCfg = Debug|Any CPU
		{E56DD54D-E929-4CF9-917C-404FC20E71EA}.Debug|Any CPU.Build.0 = Debug|Any CPU
		{E56DD54D-E929-4CF9-917C-404FC20E71EA}.Release|Any CPU.ActiveCfg = Release|Any CPU
		{E56DD54D-E929-4CF9-917C-404FC20E71EA}.Release|Any CPU.Build.0 = Release|Any CPU
	EndGlobalSection
	GlobalSection(SolutionProperties) = preSolution
		HideSolutionNode = FALSE
	EndGlobalSection
	GlobalSection(ExtensibilityGlobals) = postSolution
		SolutionGuid = {20EC9AFA-ACB9-403F-9546-5EF203BCAEA6}
	EndGlobalSection
EndGlobal
